
Microsoft Visual Studio Solution File, Format Version 12.00
# Visual Studio Version 17
VisualStudioVersion = 17.13.35913.81
MinimumVisualStudioVersion = 10.0.40219.1
Project("{FAE04EC0-301F-11D3-BF4B-00C04F79EFBC}") = "1.4", "1.4\1.4.csproj", "{345AD621-FAAD-4DA7-AA7D-8D35036D3E71}"
EndProject
Project("{FAE04EC0-301F-11D3-BF4B-00C04F79EFBC}") = "1.5", "1.5\1.5.csproj", "{C485855D-AC21-4563-A49C-8894E3FE2576}"
EndProject
Project("{FAE04EC0-301F-11D3-BF4B-00C04F79EFBC}") = "1.6", "1.6\1.6.csproj", "{2E9A3619-6102-41BE-8D1E-27266B20168E}"
EndProject
Global
	GlobalSection(SolutionConfigurationPlatforms) = preSolution
		Debug|Any CPU = Debug|Any CPU
		Release|Any CPU = Release|Any CPU
	EndGlobalSection
	GlobalSection(ProjectConfigurationPlatforms) = postSolution
		{345AD621-FAAD-4DA7-AA7D-8D35036D3E71}.Debug|Any CPU.ActiveCfg = Debug|Any CPU
		{345AD621-FAAD-4DA7-AA7D-8D35036D3E71}.Debug|Any CPU.Build.0 = Debug|Any CPU
		{345AD621-FAAD-4DA7-AA7D-8D35036D3E71}.Release|Any CPU.ActiveCfg = Release|Any CPU
		{345AD621-FAAD-4DA7-AA7D-8D35036D3E71}.Release|Any CPU.Build.0 = Release|Any CPU
		{C485855D-AC21-4563-A49C-8894E3FE2576}.Debug|Any CPU.ActiveCfg = Debug|Any CPU
		{C485855D-AC21-4563-A49C-8894E3FE2576}.Debug|Any CPU.Build.0 = Debug|Any CPU
		{C485855D-AC21-4563-A49C-8894E3FE2576}.Release|Any CPU.ActiveCfg = Release|Any CPU
		{C485855D-AC21-4563-A49C-8894E3FE2576}.Release|Any CPU.Build.0 = Release|Any CPU
		{2E9A3619-6102-41BE-8D1E-27266B20168E}.Debug|Any CPU.ActiveCfg = Debug|Any CPU
		{2E9A3619-6102-41BE-8D1E-27266B20168E}.Debug|Any CPU.Build.0 = Debug|Any CPU
		{2E9A3619-6102-41BE-8D1E-27266B20168E}.Release|Any CPU.ActiveCfg = Release|Any CPU
		{2E9A3619-6102-41BE-8D1E-27266B20168E}.Release|Any CPU.Build.0 = Release|Any CPU
	EndGlobalSection
	GlobalSection(SolutionProperties) = preSolution
		HideSolutionNode = FALSE
	EndGlobalSection
	GlobalSection(ExtensibilityGlobals) = postSolution
		SolutionGuid = {5F5FFAA9-75E1-4B91-BF14-D997CF846BDF}
	EndGlobalSection
EndGlobal
